
Microsoft Visual Studio Solution File, Format Version 12.00
# Visual Studio Version 16
VisualStudioVersion = 16.0.31515.178
MinimumVisualStudioVersion = 10.0.40219.1
Project("{FAE04EC0-301F-11D3-BF4B-00C04F79EFBC}") = "DotNetNote", "DotNetNote\DotNetNote.csproj", "{2912A49E-24B1-4920-A032-C4D460C28A66}"
EndProject
Global
	GlobalSection(SolutionConfigurationPlatforms) = preSolution
		Debug|Any CPU = Debug|Any CPU
		Release|Any CPU = Release|Any CPU
	EndGlobalSection
	GlobalSection(ProjectConfigurationPlatforms) = postSolution
		{2912A49E-24B1-4920-A032-C4D460C28A66}.Debug|Any CPU.ActiveCfg = Debug|Any CPU
		{2912A49E-24B1-4920-A032-C4D460C28A66}.Debug|Any CPU.Build.0 = Debug|Any CPU
		{2912A49E-24B1-4920-A032-C4D460C28A66}.Release|Any CPU.ActiveCfg = Release|Any CPU
		{2912A49E-24B1-4920-A032-C4D460C28A66}.Release|Any CPU.Build.0 = Release|Any CPU
	EndGlobalSection
	GlobalSection(SolutionProperties) = preSolution
		HideSolutionNode = FALSE
	EndGlobalSection
	GlobalSection(ExtensibilityGlobals) = postSolution
		SolutionGuid = {BD6C69CA-A673-4F74-A0E8-02292FE4A6CD}
	EndGlobalSection
EndGlobal
